// !$*UTF8*$!
{
	archiveVersion = 1;
	classes = {
	};
	objectVersion = 51;
	objects = {

/* Begin PBXBuildFile section */
		00178EC1258A319F00915568 /* AppDelegate.swift in Sources */ = {isa = PBXBuildFile; fileRef = 00178EC0258A319F00915568 /* AppDelegate.swift */; };
		00178EC3258A319F00915568 /* SceneDelegate.swift in Sources */ = {isa = PBXBuildFile; fileRef = 00178EC2258A319F00915568 /* SceneDelegate.swift */; };
		00178EC5258A319F00915568 /* ViewController.swift in Sources */ = {isa = PBXBuildFile; fileRef = 00178EC4258A319F00915568 /* ViewController.swift */; };
		00178ECA258A31A100915568 /* Assets.xcassets in Resources */ = {isa = PBXBuildFile; fileRef = 00178EC9258A31A100915568 /* Assets.xcassets */; };
		00178ECD258A31A100915568 /* LaunchScreen.storyboard in Resources */ = {isa = PBXBuildFile; fileRef = 00178ECB258A31A100915568 /* LaunchScreen.storyboard */; };
		007ED07225A340D50056B1D9 /* StockData.swift in Sources */ = {isa = PBXBuildFile; fileRef = 007ED07125A340D50056B1D9 /* StockData.swift */; };
		007ED07625A4934C0056B1D9 /* FlaskRequest.swift in Sources */ = {isa = PBXBuildFile; fileRef = 007ED07525A4934C0056B1D9 /* FlaskRequest.swift */; };
		00A839D225A74645000E6B5A /* codes.csv in Resources */ = {isa = PBXBuildFile; fileRef = 00A839D125A74645000E6B5A /* codes.csv */; };
		00EC148B25AC8E390016DAE4 /* StockChartViewController.swift in Sources */ = {isa = PBXBuildFile; fileRef = 00EC148A25AC8E390016DAE4 /* StockChartViewController.swift */; };
		00EC148E25AC93C30016DAE4 /* StockCode.swift in Sources */ = {isa = PBXBuildFile; fileRef = 00EC148D25AC93C30016DAE4 /* StockCode.swift */; };
		00EC149125AC96B10016DAE4 /* StockTableViewCell.swift in Sources */ = {isa = PBXBuildFile; fileRef = 00EC149025AC96B10016DAE4 /* StockTableViewCell.swift */; };
		45ED49B7311FBBFBAF261ACC /* Pods_swiftStock.framework in Frameworks */ = {isa = PBXBuildFile; fileRef = A1BB64B507B91213CDA1E424 /* Pods_swiftStock.framework */; };
/* End PBXBuildFile section */

/* Begin PBXFileReference section */
		00178EBD258A319F00915568 /* swiftStock.app */ = {isa = PBXFileReference; explicitFileType = wrapper.application; includeInIndex = 0; path = swiftStock.app; sourceTree = BUILT_PRODUCTS_DIR; };
		00178EC0258A319F00915568 /* AppDelegate.swift */ = {isa = PBXFileReference; lastKnownFileType = sourcecode.swift; path = AppDelegate.swift; sourceTree = "<group>"; };
		00178EC2258A319F00915568 /* SceneDelegate.swift */ = {isa = PBXFileReference; lastKnownFileType = sourcecode.swift; path = SceneDelegate.swift; sourceTree = "<group>"; };
		00178EC4258A319F00915568 /* ViewController.swift */ = {isa = PBXFileReference; lastKnownFileType = sourcecode.swift; path = ViewController.swift; sourceTree = "<group>"; };
		00178EC9258A31A100915568 /* Assets.xcassets */ = {isa = PBXFileReference; lastKnownFileType = folder.assetcatalog; path = Assets.xcassets; sourceTree = "<group>"; };
		00178ECC258A31A100915568 /* Base */ = {isa = PBXFileReference; lastKnownFileType = file.storyboard; name = Base; path = Base.lproj/LaunchScreen.storyboard; sourceTree = "<group>"; };
		00178ECE258A31A100915568 /* Info.plist */ = {isa = PBXFileReference; lastKnownFileType = text.plist.xml; path = Info.plist; sourceTree = "<group>"; };
		007ED07125A340D50056B1D9 /* StockData.swift */ = {isa = PBXFileReference; lastKnownFileType = sourcecode.swift; path = StockData.swift; sourceTree = "<group>"; };
		007ED07525A4934C0056B1D9 /* FlaskRequest.swift */ = {isa = PBXFileReference; lastKnownFileType = sourcecode.swift; path = FlaskRequest.swift; sourceTree = "<group>"; };
		00A839D125A74645000E6B5A /* codes.csv */ = {isa = PBXFileReference; lastKnownFileType = text; path = codes.csv; sourceTree = "<group>"; };
		00EC148A25AC8E390016DAE4 /* StockChartViewController.swift */ = {isa = PBXFileReference; lastKnownFileType = sourcecode.swift; path = StockChartViewController.swift; sourceTree = "<group>"; };
		00EC148D25AC93C30016DAE4 /* StockCode.swift */ = {isa = PBXFileReference; lastKnownFileType = sourcecode.swift; path = StockCode.swift; sourceTree = "<group>"; };
		00EC149025AC96B10016DAE4 /* StockTableViewCell.swift */ = {isa = PBXFileReference; lastKnownFileType = sourcecode.swift; path = StockTableViewCell.swift; sourceTree = "<group>"; };
		4916241FFBBEDEF26098B73A /* Pods-swiftStock.debug.xcconfig */ = {isa = PBXFileReference; includeInIndex = 1; lastKnownFileType = text.xcconfig; name = "Pods-swiftStock.debug.xcconfig"; path = "Target Support Files/Pods-swiftStock/Pods-swiftStock.debug.xcconfig"; sourceTree = "<group>"; };
		6B9CB6D286AEAEA42BAFB2CE /* Pods-swiftStock.release.xcconfig */ = {isa = PBXFileReference; includeInIndex = 1; lastKnownFileType = text.xcconfig; name = "Pods-swiftStock.release.xcconfig"; path = "Target Support Files/Pods-swiftStock/Pods-swiftStock.release.xcconfig"; sourceTree = "<group>"; };
		A1BB64B507B91213CDA1E424 /* Pods_swiftStock.framework */ = {isa = PBXFileReference; explicitFileType = wrapper.framework; includeInIndex = 0; path = Pods_swiftStock.framework; sourceTree = BUILT_PRODUCTS_DIR; };
/* End PBXFileReference section */

/* Begin PBXFrameworksBuildPhase section */
		00178EBA258A319F00915568 /* Frameworks */ = {
			isa = PBXFrameworksBuildPhase;
			buildActionMask = 2147483647;
			files = (
				45ED49B7311FBBFBAF261ACC /* Pods_swiftStock.framework in Frameworks */,
			);
			runOnlyForDeploymentPostprocessing = 0;
		};
/* End PBXFrameworksBuildPhase section */

/* Begin PBXGroup section */
		00178EB4258A319F00915568 = {
			isa = PBXGroup;
			children = (
				00178EBF258A319F00915568 /* swiftStock */,
				00178EBE258A319F00915568 /* Products */,
				03FE56123DF5C267C72A8C70 /* Pods */,
				F1BFB9D2EE485B8B9C657714 /* Frameworks */,
			);
			sourceTree = "<group>";
		};
		00178EBE258A319F00915568 /* Products */ = {
			isa = PBXGroup;
			children = (
				00178EBD258A319F00915568 /* swiftStock.app */,
			);
			name = Products;
			sourceTree = "<group>";
		};
		00178EBF258A319F00915568 /* swiftStock */ = {
			isa = PBXGroup;
			children = (
				00178EC0258A319F00915568 /* AppDelegate.swift */,
				00178EC2258A319F00915568 /* SceneDelegate.swift */,
				00178EC4258A319F00915568 /* ViewController.swift */,
				00178EC9258A31A100915568 /* Assets.xcassets */,
				00178ECB258A31A100915568 /* LaunchScreen.storyboard */,
				00178ECE258A31A100915568 /* Info.plist */,
				007ED07125A340D50056B1D9 /* StockData.swift */,
				007ED07525A4934C0056B1D9 /* FlaskRequest.swift */,
				00A839D125A74645000E6B5A /* codes.csv */,
				00EC148A25AC8E390016DAE4 /* StockChartViewController.swift */,
				00EC148D25AC93C30016DAE4 /* StockCode.swift */,
				00EC149025AC96B10016DAE4 /* StockTableViewCell.swift */,
			);
			path = swiftStock;
			sourceTree = "<group>";
		};
		03FE56123DF5C267C72A8C70 /* Pods */ = {
			isa = PBXGroup;
			children = (
				4916241FFBBEDEF26098B73A /* Pods-swiftStock.debug.xcconfig */,
				6B9CB6D286AEAEA42BAFB2CE /* Pods-swiftStock.release.xcconfig */,
			);
			path = Pods;
			sourceTree = "<group>";
		};
		F1BFB9D2EE485B8B9C657714 /* Frameworks */ = {
			isa = PBXGroup;
			children = (
				A1BB64B507B91213CDA1E424 /* Pods_swiftStock.framework */,
			);
			name = Frameworks;
			sourceTree = "<group>";
		};
/* End PBXGroup section */

/* Begin PBXNativeTarget section */
		00178EBC258A319F00915568 /* swiftStock */ = {
			isa = PBXNativeTarget;
			buildConfigurationList = 00178ED1258A31A100915568 /* Build configuration list for PBXNativeTarget "swiftStock" */;
			buildPhases = (
				216F791C6C45A3D06908200E /* [CP] Check Pods Manifest.lock */,
				00178EB9258A319F00915568 /* Sources */,
				00178EBA258A319F00915568 /* Frameworks */,
				00178EBB258A319F00915568 /* Resources */,
				7EB5D64E7F2C30BA87FBE25C /* [CP] Embed Pods Frameworks */,
			);
			buildRules = (
			);
			dependencies = (
			);
			name = swiftStock;
			productName = swiftStock;
			productReference = 00178EBD258A319F00915568 /* swiftStock.app */;
			productType = "com.apple.product-type.application";
		};
/* End PBXNativeTarget section */

/* Begin PBXProject section */
		00178EB5258A319F00915568 /* Project object */ = {
			isa = PBXProject;
			attributes = {
				LastSwiftUpdateCheck = 1220;
				LastUpgradeCheck = 1220;
				TargetAttributes = {
					00178EBC258A319F00915568 = {
						CreatedOnToolsVersion = 12.2;
					};
				};
			};
			buildConfigurationList = 00178EB8258A319F00915568 /* Build configuration list for PBXProject "swiftStock" */;
			compatibilityVersion = "Xcode 9.3";
			developmentRegion = en;
			hasScannedForEncodings = 0;
			knownRegions = (
				en,
				Base,
			);
			mainGroup = 00178EB4258A319F00915568;
			productRefGroup = 00178EBE258A319F00915568 /* Products */;
			projectDirPath = "";
			projectRoot = "";
			targets = (
				00178EBC258A319F00915568 /* swiftStock */,
			);
		};
/* End PBXProject section */

/* Begin PBXResourcesBuildPhase section */
		00178EBB258A319F00915568 /* Resources */ = {
			isa = PBXResourcesBuildPhase;
			buildActionMask = 2147483647;
			files = (
				00178ECD258A31A100915568 /* LaunchScreen.storyboard in Resources */,
				00A839D225A74645000E6B5A /* codes.csv in Resources */,
				00178ECA258A31A100915568 /* Assets.xcassets in Resources */,
			);
			runOnlyForDeploymentPostprocessing = 0;
		};
/* End PBXResourcesBuildPhase section */

/* Begin PBXShellScriptBuildPhase section */
		216F791C6C45A3D06908200E /* [CP] Check Pods Manifest.lock */ = {
			isa = PBXShellScriptBuildPhase;
			buildActionMask = 2147483647;
			files = (
			);
			inputFileListPaths = (
			);
			inputPaths = (
				"${PODS_PODFILE_DIR_PATH}/Podfile.lock",
				"${PODS_ROOT}/Manifest.lock",
			);
			name = "[CP] Check Pods Manifest.lock";
			outputFileListPaths = (
			);
			outputPaths = (
				"$(DERIVED_FILE_DIR)/Pods-swiftStock-checkManifestLockResult.txt",
			);
			runOnlyForDeploymentPostprocessing = 0;
			shellPath = /bin/sh;
			shellScript = "diff \"${PODS_PODFILE_DIR_PATH}/Podfile.lock\" \"${PODS_ROOT}/Manifest.lock\" > /dev/null\nif [ $? != 0 ] ; then\n    # print error to STDERR\n    echo \"error: The sandbox is not in sync with the Podfile.lock. Run 'pod install' or update your CocoaPods installation.\" >&2\n    exit 1\nfi\n# This output is used by Xcode 'outputs' to avoid re-running this script phase.\necho \"SUCCESS\" > \"${SCRIPT_OUTPUT_FILE_0}\"\n";
			showEnvVarsInLog = 0;
		};
		7EB5D64E7F2C30BA87FBE25C /* [CP] Embed Pods Frameworks */ = {
			isa = PBXShellScriptBuildPhase;
			buildActionMask = 2147483647;
			files = (
			);
			inputFileListPaths = (
				"${PODS_ROOT}/Target Support Files/Pods-swiftStock/Pods-swiftStock-frameworks-${CONFIGURATION}-input-files.xcfilelist",
			);
			name = "[CP] Embed Pods Frameworks";
			outputFileListPaths = (
				"${PODS_ROOT}/Target Support Files/Pods-swiftStock/Pods-swiftStock-frameworks-${CONFIGURATION}-output-files.xcfilelist",
			);
			runOnlyForDeploymentPostprocessing = 0;
			shellPath = /bin/sh;
			shellScript = "\"${PODS_ROOT}/Target Support Files/Pods-swiftStock/Pods-swiftStock-frameworks.sh\"\n";
			showEnvVarsInLog = 0;
		};
/* End PBXShellScriptBuildPhase section */

/* Begin PBXSourcesBuildPhase section */
		00178EB9258A319F00915568 /* Sources */ = {
			isa = PBXSourcesBuildPhase;
			buildActionMask = 2147483647;
			files = (
				007ED07225A340D50056B1D9 /* StockData.swift in Sources */,
				00EC148E25AC93C30016DAE4 /* StockCode.swift in Sources */,
				00EC149125AC96B10016DAE4 /* StockTableViewCell.swift in Sources */,
				00178EC5258A319F00915568 /* ViewController.swift in Sources */,
				007ED07625A4934C0056B1D9 /* FlaskRequest.swift in Sources */,
				00178EC1258A319F00915568 /* AppDelegate.swift in Sources */,
				00EC148B25AC8E390016DAE4 /* StockChartViewController.swift in Sources */,
				00178EC3258A319F00915568 /* SceneDelegate.swift in Sources */,
			);
			runOnlyForDeploymentPostprocessing = 0;
		};
/* End PBXSourcesBuildPhase section */

/* Begin PBXVariantGroup section */
		00178ECB258A31A100915568 /* LaunchScreen.storyboard */ = {
			isa = PBXVariantGroup;
			children = (
				00178ECC258A31A100915568 /* Base */,
			);
			name = LaunchScreen.storyboard;
			sourceTree = "<group>";
		};
/* End PBXVariantGroup section */

/* Begin XCBuildConfiguration section */
		00178ECF258A31A100915568 /* Debug */ = {
			isa = XCBuildConfiguration;
			buildSettings = {
				ALWAYS_SEARCH_USER_PATHS = NO;
				CLANG_ANALYZER_NONNULL = YES;
				CLANG_ANALYZER_NUMBER_OBJECT_CONVERSION = YES_AGGRESSIVE;
				CLANG_CXX_LANGUAGE_STANDARD = "gnu++14";
				CLANG_CXX_LIBRARY = "libc++";
				CLANG_ENABLE_MODULES = YES;
				CLANG_ENABLE_OBJC_ARC = YES;
				CLANG_ENABLE_OBJC_WEAK = YES;
				CLANG_WARN_BLOCK_CAPTURE_AUTORELEASING = YES;
				CLANG_WARN_BOOL_CONVERSION = YES;
				CLANG_WARN_COMMA = YES;
				CLANG_WARN_CONSTANT_CONVERSION = YES;
				CLANG_WARN_DEPRECATED_OBJC_IMPLEMENTATIONS = YES;
				CLANG_WARN_DIRECT_OBJC_ISA_USAGE = YES_ERROR;
				CLANG_WARN_DOCUMENTATION_COMMENTS = YES;
				CLANG_WARN_EMPTY_BODY = YES;
				CLANG_WARN_ENUM_CONVERSION = YES;
				CLANG_WARN_INFINITE_RECURSION = YES;
				CLANG_WARN_INT_CONVERSION = YES;
				CLANG_WARN_NON_LITERAL_NULL_CONVERSION = YES;
				CLANG_WARN_OBJC_IMPLICIT_RETAIN_SELF = YES;
				CLANG_WARN_OBJC_LITERAL_CONVERSION = YES;
				CLANG_WARN_OBJC_ROOT_CLASS = YES_ERROR;
				CLANG_WARN_QUOTED_INCLUDE_IN_FRAMEWORK_HEADER = YES;
				CLANG_WARN_RANGE_LOOP_ANALYSIS = YES;
				CLANG_WARN_STRICT_PROTOTYPES = YES;
				CLANG_WARN_SUSPICIOUS_MOVE = YES;
				CLANG_WARN_UNGUARDED_AVAILABILITY = YES_AGGRESSIVE;
				CLANG_WARN_UNREACHABLE_CODE = YES;
				CLANG_WARN__DUPLICATE_METHOD_MATCH = YES;
				COPY_PHASE_STRIP = NO;
				DEBUG_INFORMATION_FORMAT = dwarf;
				ENABLE_STRICT_OBJC_MSGSEND = YES;
				ENABLE_TESTABILITY = YES;
				GCC_C_LANGUAGE_STANDARD = gnu11;
				GCC_DYNAMIC_NO_PIC = NO;
				GCC_NO_COMMON_BLOCKS = YES;
				GCC_OPTIMIZATION_LEVEL = 0;
				GCC_PREPROCESSOR_DEFINITIONS = (
					"DEBUG=1",
					"$(inherited)",
				);
				GCC_WARN_64_TO_32_BIT_CONVERSION = YES;
				GCC_WARN_ABOUT_RETURN_TYPE = YES_ERROR;
				GCC_WARN_UNDECLARED_SELECTOR = YES;
				GCC_WARN_UNINITIALIZED_AUTOS = YES_AGGRESSIVE;
				GCC_WARN_UNUSED_FUNCTION = YES;
				GCC_WARN_UNUSED_VARIABLE = YES;
				IPHONEOS_DEPLOYMENT_TARGET = 14.2;
				MTL_ENABLE_DEBUG_INFO = INCLUDE_SOURCE;
				MTL_FAST_MATH = YES;
				ONLY_ACTIVE_ARCH = YES;
				SDKROOT = iphoneos;
				SWIFT_ACTIVE_COMPILATION_CONDITIONS = DEBUG;
				SWIFT_OPTIMIZATION_LEVEL = "-Onone";
			};
			name = Debug;
		};
		00178ED0258A31A100915568 /* Release */ = {
			isa = XCBuildConfiguration;
			buildSettings = {
				ALWAYS_SEARCH_USER_PATHS = NO;
				CLANG_ANALYZER_NONNULL = YES;
				CLANG_ANALYZER_NUMBER_OBJECT_CONVERSION = YES_AGGRESSIVE;
				CLANG_CXX_LANGUAGE_STANDARD = "gnu++14";
				CLANG_CXX_LIBRARY = "libc++";
				CLANG_ENABLE_MODULES = YES;
				CLANG_ENABLE_OBJC_ARC = YES;
				CLANG_ENABLE_OBJC_WEAK = YES;
				CLANG_WARN_BLOCK_CAPTURE_AUTORELEASING = YES;
				CLANG_WARN_BOOL_CONVERSION = YES;
				CLANG_WARN_COMMA = YES;
				CLANG_WARN_CONSTANT_CONVERSION = YES;
				CLANG_WARN_DEPRECATED_OBJC_IMPLEMENTATIONS = YES;
				CLANG_WARN_DIRECT_OBJC_ISA_USAGE = YES_ERROR;
				CLANG_WARN_DOCUMENTATION_COMMENTS = YES;
				CLANG_WARN_EMPTY_BODY = YES;
				CLANG_WARN_ENUM_CONVERSION = YES;
				CLANG_WARN_INFINITE_RECURSION = YES;
				CLANG_WARN_INT_CONVERSION = YES;
				CLANG_WARN_NON_LITERAL_NULL_CONVERSION = YES;
				CLANG_WARN_OBJC_IMPLICIT_RETAIN_SELF = YES;
				CLANG_WARN_OBJC_LITERAL_CONVERSION = YES;
				CLANG_WARN_OBJC_ROOT_CLASS = YES_ERROR;
				CLANG_WARN_QUOTED_INCLUDE_IN_FRAMEWORK_HEADER = YES;
				CLANG_WARN_RANGE_LOOP_ANALYSIS = YES;
				CLANG_WARN_STRICT_PROTOTYPES = YES;
				CLANG_WARN_SUSPICIOUS_MOVE = YES;
				CLANG_WARN_UNGUARDED_AVAILABILITY = YES_AGGRESSIVE;
				CLANG_WARN_UNREACHABLE_CODE = YES;
				CLANG_WARN__DUPLICATE_METHOD_MATCH = YES;
				COPY_PHASE_STRIP = NO;
				DEBUG_INFORMATION_FORMAT = "dwarf-with-dsym";
				ENABLE_NS_ASSERTIONS = NO;
				ENABLE_STRICT_OBJC_MSGSEND = YES;
				GCC_C_LANGUAGE_STANDARD = gnu11;
				GCC_NO_COMMON_BLOCKS = YES;
				GCC_WARN_64_TO_32_BIT_CONVERSION = YES;
				GCC_WARN_ABOUT_RETURN_TYPE = YES_ERROR;
				GCC_WARN_UNDECLARED_SELECTOR = YES;
				GCC_WARN_UNINITIALIZED_AUTOS = YES_AGGRESSIVE;
				GCC_WARN_UNUSED_FUNCTION = YES;
				GCC_WARN_UNUSED_VARIABLE = YES;
				IPHONEOS_DEPLOYMENT_TARGET = 14.2;
				MTL_ENABLE_DEBUG_INFO = NO;
				MTL_FAST_MATH = YES;
				SDKROOT = iphoneos;
				SWIFT_COMPILATION_MODE = wholemodule;
				SWIFT_OPTIMIZATION_LEVEL = "-O";
				VALIDATE_PRODUCT = YES;
			};
			name = Release;
		};
		00178ED2258A31A100915568 /* Debug */ = {
			isa = XCBuildConfiguration;
			baseConfigurationReference = 4916241FFBBEDEF26098B73A /* Pods-swiftStock.debug.xcconfig */;
			buildSettings = {
				ASSETCATALOG_COMPILER_APPICON_NAME = AppIcon;
				ASSETCATALOG_COMPILER_GLOBAL_ACCENT_COLOR_NAME = AccentColor;
				CODE_SIGN_STYLE = Automatic;
				DEVELOPMENT_TEAM = WBV5N68S3R;
				INFOPLIST_FILE = swiftStock/Info.plist;
				LD_RUNPATH_SEARCH_PATHS = (
					"$(inherited)",
					"@executable_path/Frameworks",
				);
				PRODUCT_BUNDLE_IDENTIFIER = papayetoo.swiftStock;
				PRODUCT_NAME = "$(TARGET_NAME)";
				SWIFT_VERSION = 5.0;
				TARGETED_DEVICE_FAMILY = "1,2";
			};
			name = Debug;
		};
		00178ED3258A31A100915568 /* Release */ = {
			isa = XCBuildConfiguration;
			baseConfigurationReference = 6B9CB6D286AEAEA42BAFB2CE /* Pods-swiftStock.release.xcconfig */;
			buildSettings = {
				ASSETCATALOG_COMPILER_APPICON_NAME = AppIcon;
				ASSETCATALOG_COMPILER_GLOBAL_ACCENT_COLOR_NAME = AccentColor;
				CODE_SIGN_STYLE = Automatic;
				DEVELOPMENT_TEAM = WBV5N68S3R;
				INFOPLIST_FILE = swiftStock/Info.plist;
				LD_RUNPATH_SEARCH_PATHS = (
					"$(inherited)",
					"@executable_path/Frameworks",
				);
				PRODUCT_BUNDLE_IDENTIFIER = papayetoo.swiftStock;
				PRODUCT_NAME = "$(TARGET_NAME)";
				SWIFT_VERSION = 5.0;
				TARGETED_DEVICE_FAMILY = "1,2";
			};
			name = Release;
		};
/* End XCBuildConfiguration section */

/* Begin XCConfigurationList section */
		00178EB8258A319F00915568 /* Build configuration list for PBXProject "swiftStock" */ = {
			isa = XCConfigurationList;
			buildConfigurations = (
				00178ECF258A31A100915568 /* Debug */,
				00178ED0258A31A100915568 /* Release */,
			);
			defaultConfigurationIsVisible = 0;
			defaultConfigurationName = Release;
		};
		00178ED1258A31A100915568 /* Build configuration list for PBXNativeTarget "swiftStock" */ = {
			isa = XCConfigurationList;
			buildConfigurations = (
				00178ED2258A31A100915568 /* Debug */,
				00178ED3258A31A100915568 /* Release */,
			);
			defaultConfigurationIsVisible = 0;
			defaultConfigurationName = Release;
		};
/* End XCConfigurationList section */
	};
	rootObject = 00178EB5258A319F00915568 /* Project object */;
}
